{
  "nodes": {
    "agenix": {
      "inputs": {
        "darwin": [
          "darwin"
        ],
        "home-manager": [
          "home-manager"
        ],
        "nixpkgs": [
          "nixpkgs"
        ],
        "systems": [
          "nix-systems"
        ]
      },
      "locked": {
        "lastModified": 1712079060,
        "narHash": "sha256-/JdiT9t+zzjChc5qQiF+jhrVhRt8figYH29rZO7pFe4=",
        "ref": "refs/heads/main",
        "rev": "1381a759b205dff7a6818733118d02253340fd5e",
        "revCount": 299,
        "type": "git",
        "url": "https://git.shell.bsocat.net/agenix"
      },
      "original": {
        "type": "git",
        "url": "https://git.shell.bsocat.net/agenix"
      }
    },
    "benaryorg-website": {
      "inputs": {
        "flake-utils": [
          "flake-utils"
        ],
        "nixpkgs": [
          "nixpkgs"
        ]
      },
      "locked": {
        "lastModified": 1701157479,
        "narHash": "sha256-VIcSTcHwRUJnlnCw8XLmuJs87nB5r1FoMEtMVfB/pPk=",
        "ref": "refs/heads/main",
        "rev": "d94566494209fd84cf64217ec738f7ec9f531024",
        "revCount": 10,
        "type": "git",
        "url": "https://git.shell.bsocat.net/benary.org"
      },
      "original": {
        "type": "git",
        "url": "https://git.shell.bsocat.net/benary.org"
      }
    },
    "colmena": {
      "inputs": {
        "flake-compat": [
          "flake-compat"
        ],
        "flake-utils": [
          "flake-utils"
        ],
        "nixpkgs": [
          "nixpkgs"
        ],
        "stable": [
          "nixpkgs"
        ]
      },
      "locked": {
        "lastModified": 1711386353,
        "narHash": "sha256-gWEpb8Hybnoqb4O4tmpohGZk6+aerAbJpywKcFIiMlg=",
        "ref": "refs/heads/main",
        "rev": "cd65ef7a25cdc75052fbd04b120aeb066c3881db",
        "revCount": 509,
        "type": "git",
        "url": "https://git.shell.bsocat.net/colmena"
      },
      "original": {
        "type": "git",
        "url": "https://git.shell.bsocat.net/colmena"
      }
    },
    "crane": {
      "inputs": {
        "nixpkgs": [
          "nixpkgs"
        ]
      },
      "locked": {
        "lastModified": 1712180168,
        "narHash": "sha256-sYe00cK+kKnQlVo1wUIZ5rZl9x8/r3djShUqNgfjnM4=",
        "ref": "refs/heads/master",
        "rev": "06a9ff255c1681299a87191c2725d9d579f28b82",
        "revCount": 534,
        "type": "git",
        "url": "https://git.shell.bsocat.net/crane"
      },
      "original": {
        "type": "git",
        "url": "https://git.shell.bsocat.net/crane"
      }
    },
    "darwin": {
      "inputs": {
        "nixpkgs": [
          "nixpkgs"
        ]
      },
      "locked": {
        "lastModified": 1711763326,
        "narHash": "sha256-sXcesZWKXFlEQ8oyGHnfk4xc9f2Ip0X/+YZOq3sKviI=",
        "ref": "refs/heads/master",
        "rev": "36524adc31566655f2f4d55ad6b875fb5c1a4083",
        "revCount": 1569,
        "type": "git",
        "url": "https://git.shell.bsocat.net/nix-darwin"
      },
      "original": {
        "type": "git",
        "url": "https://git.shell.bsocat.net/nix-darwin"
      }
    },
    "flake-compat": {
      "flake": false,
      "locked": {
        "lastModified": 1696426674,
        "narHash": "sha256-kvjfFW7WAETZlt09AgDn1MrtKzP7t90Vf7vypd3OL1U=",
        "ref": "refs/heads/master",
        "rev": "0f9255e01c2351cc7d116c072cb317785dd33b33",
        "revCount": 57,
        "type": "git",
        "url": "https://git.shell.bsocat.net/flake-compat"
      },
      "original": {
        "type": "git",
        "url": "https://git.shell.bsocat.net/flake-compat"
      }
    },
    "flake-utils": {
      "inputs": {
        "systems": [
          "nix-systems"
        ]
      },
      "locked": {
        "lastModified": 1710146030,
        "narHash": "sha256-SZ5L6eA7HJ/nmkzGG7/ISclqe6oZdOZTNoesiInkXPQ=",
        "ref": "refs/heads/main",
        "rev": "b1d9ab70662946ef0850d488da1c9019f3a9752a",
        "revCount": 92,
        "type": "git",
        "url": "https://git.shell.bsocat.net/flake-utils"
      },
      "original": {
        "type": "git",
        "url": "https://git.shell.bsocat.net/flake-utils"
      }
    },
    "home-manager": {
      "inputs": {
        "nixpkgs": [
          "nixpkgs"
        ]
      },
      "locked": {
        "lastModified": 1710888565,
        "narHash": "sha256-s9Hi4RHhc6yut4EcYD50sZWRDKsugBJHSbON8KFwoTw=",
        "ref": "release-23.11",
        "rev": "f33900124c23c4eca5831b9b5eb32ea5894375ce",
        "revCount": 3176,
        "type": "git",
        "url": "https://git.shell.bsocat.net/home-manager"
      },
      "original": {
        "ref": "release-23.11",
        "type": "git",
        "url": "https://git.shell.bsocat.net/home-manager"
      }
    },
    "lxddns": {
      "inputs": {
        "flake-utils": [
          "flake-utils"
        ],
        "nixpkgs": [
          "nixpkgs"
        ],
        "systems": [
          "nix-systems"
        ]
      },
      "locked": {
        "lastModified": 1709574239,
        "narHash": "sha256-RNGwGoqSQj4dCXg4KT0ano9S7eGkIuaOTIEpuRn2S3I=",
        "ref": "refs/heads/main",
        "rev": "03e10d8f70ca4d1257462c200fdea744ec444447",
        "revCount": 148,
        "type": "git",
        "url": "https://git.shell.bsocat.net/lxddns"
      },
      "original": {
        "type": "git",
        "url": "https://git.shell.bsocat.net/lxddns"
      }
    },
    "nix-systems": {
      "locked": {
        "lastModified": 1681028828,
        "narHash": "sha256-Vy1rq5AaRuLzOxct8nz4T6wlgyUR7zLU309k9mBC768=",
        "ref": "refs/heads/main",
        "rev": "da67096a3b9bf56a91d16901293e51ba5b49a27e",
        "revCount": 3,
        "type": "git",
        "url": "https://git.shell.bsocat.net/nix-systems"
      },
      "original": {
        "type": "git",
        "url": "https://git.shell.bsocat.net/nix-systems"
      }
    },
    "nixpkgs": {
      "locked": {
        "lastModified": 1712168706,
        "narHash": "sha256-XP24tOobf6GGElMd0ux90FEBalUtw6NkBSVh/RlA6ik=",
        "ref": "nixos-23.11",
        "rev": "1487bdea619e4a7a53a4590c475deabb5a9d1bfb",
        "revCount": 557195,
        "type": "git",
        "url": "https://git.shell.bsocat.net/nixpkgs"
      },
      "original": {
        "ref": "nixos-23.11",
        "type": "git",
        "url": "https://git.shell.bsocat.net/nixpkgs"
      }
    },
    "nixpkgs-unstable": {
      "locked": {
        "lastModified": 1712163089,
        "narHash": "sha256-Um+8kTIrC19vD4/lUCN9/cU9kcOsD1O1m+axJqQPyMM=",
        "ref": "nixos-unstable",
        "rev": "fd281bd6b7d3e32ddfa399853946f782553163b5",
        "revCount": 606852,
        "type": "git",
        "url": "https://git.shell.bsocat.net/nixpkgs"
      },
      "original": {
        "ref": "nixos-unstable",
        "type": "git",
        "url": "https://git.shell.bsocat.net/nixpkgs"
      }
    },
    "ragenix": {
      "inputs": {
        "agenix": [
          "agenix"
        ],
        "crane": [
          "crane"
        ],
        "flake-utils": [
          "flake-utils"
        ],
        "nixpkgs": [
          "nixpkgs-unstable"
        ],
        "rust-overlay": [
          "rust-overlay"
        ]
      },
      "locked": {
        "lastModified": 1709831932,
        "narHash": "sha256-WsP8rOFa/SqYNbVtYJ/l2mWWOgyDTJFbITMV8tv0biI=",
        "ref": "refs/heads/main",
        "rev": "06de099ef02840ec463419f12de73729d458e1eb",
        "revCount": 160,
        "type": "git",
        "url": "https://git.shell.bsocat.net/ragenix"
      },
      "original": {
        "type": "git",
        "url": "https://git.shell.bsocat.net/ragenix"
      }
    },
    "root": {
      "inputs": {
        "agenix": "agenix",
        "benaryorg-website": "benaryorg-website",
        "colmena": "colmena",
        "crane": "crane",
        "darwin": "darwin",
        "flake-compat": "flake-compat",
        "flake-utils": "flake-utils",
        "home-manager": "home-manager",
        "lxddns": "lxddns",
        "nix-systems": "nix-systems",
        "nixpkgs": "nixpkgs",
        "nixpkgs-unstable": "nixpkgs-unstable",
        "ragenix": "ragenix",
        "rust-overlay": "rust-overlay"
      }
    },
    "rust-overlay": {
      "inputs": {
        "flake-utils": [
          "flake-utils"
        ],
        "nixpkgs": [
          "nixpkgs"
        ]
      },
      "locked": {
        "lastModified": 1712283118,
        "narHash": "sha256-aZhKaT1qiwlRjdwd2rcPfcrYqpMMnOe9TMKoihEcw50=",
        "ref": "refs/heads/master",
        "rev": "7790ac860cc3b2bad7f6f4759f4138c79bcb2988",
        "revCount": 1341,
        "type": "git",
        "url": "https://git.shell.bsocat.net/rust-overlay"
      },
      "original": {
        "type": "git",
        "url": "https://git.shell.bsocat.net/rust-overlay"
      }
    }
  },
  "root": "root",
  "version": 7
}
