{
  "nodes": {
    "agenix": {
      "inputs": {
        "darwin": [
          "darwin"
        ],
        "home-manager": [
          "home-manager"
        ],
        "nixpkgs": [
          "nixpkgs"
        ],
        "systems": [
          "nix-systems"
        ]
      },
      "locked": {
        "lastModified": 1716561646,
        "narHash": "sha256-UIGtLO89RxKt7RF2iEgPikSdU53r6v/6WYB0RW3k89I=",
        "ref": "refs/heads/main",
        "rev": "c2fc0762bbe8feb06a2e59a364fa81b3a57671c9",
        "revCount": 306,
        "type": "git",
        "url": "https://git.shell.bsocat.net/agenix"
      },
      "original": {
        "type": "git",
        "url": "https://git.shell.bsocat.net/agenix"
      }
    },
    "benaryorg-website": {
      "inputs": {
        "flake-utils": [
          "flake-utils"
        ],
        "nixpkgs": [
          "nixpkgs"
        ]
      },
      "locked": {
        "lastModified": 1701157479,
        "narHash": "sha256-VIcSTcHwRUJnlnCw8XLmuJs87nB5r1FoMEtMVfB/pPk=",
        "ref": "refs/heads/main",
        "rev": "d94566494209fd84cf64217ec738f7ec9f531024",
        "revCount": 10,
        "type": "git",
        "url": "https://git.shell.bsocat.net/benary.org"
      },
      "original": {
        "type": "git",
        "url": "https://git.shell.bsocat.net/benary.org"
      }
    },
    "colmena": {
      "inputs": {
        "flake-compat": [
          "flake-compat"
        ],
        "flake-utils": [
          "flake-utils"
        ],
        "nixpkgs": [
          "nixpkgs"
        ],
        "stable": [
          "nixpkgs"
        ]
      },
      "locked": {
        "lastModified": 1711386353,
        "narHash": "sha256-gWEpb8Hybnoqb4O4tmpohGZk6+aerAbJpywKcFIiMlg=",
        "ref": "refs/heads/main",
        "rev": "cd65ef7a25cdc75052fbd04b120aeb066c3881db",
        "revCount": 509,
        "type": "git",
        "url": "https://git.shell.bsocat.net/colmena"
      },
      "original": {
        "type": "git",
        "url": "https://git.shell.bsocat.net/colmena"
      }
    },
    "crane": {
      "inputs": {
        "nixpkgs": [
          "nixpkgs"
        ]
      },
      "locked": {
        "lastModified": 1717025063,
        "narHash": "sha256-dIubLa56W9sNNz0e8jGxrX3CAkPXsq7snuFA/Ie6dn8=",
        "ref": "refs/heads/master",
        "rev": "480dff0be03dac0e51a8dfc26e882b0d123a450e",
        "revCount": 576,
        "type": "git",
        "url": "https://git.shell.bsocat.net/crane"
      },
      "original": {
        "type": "git",
        "url": "https://git.shell.bsocat.net/crane"
      }
    },
    "darwin": {
      "inputs": {
        "nixpkgs": [
          "nixpkgs"
        ]
      },
      "locked": {
        "lastModified": 1716993688,
        "narHash": "sha256-vo5k2wQekfeoq/2aleQkBN41dQiQHNTniZeVONWiWLs=",
        "ref": "refs/heads/master",
        "rev": "c0d5b8c54d6828516c97f6be9f2d00c63a363df4",
        "revCount": 1604,
        "type": "git",
        "url": "https://git.shell.bsocat.net/nix-darwin"
      },
      "original": {
        "type": "git",
        "url": "https://git.shell.bsocat.net/nix-darwin"
      }
    },
    "flake-compat": {
      "flake": false,
      "locked": {
        "lastModified": 1696426674,
        "narHash": "sha256-kvjfFW7WAETZlt09AgDn1MrtKzP7t90Vf7vypd3OL1U=",
        "ref": "refs/heads/master",
        "rev": "0f9255e01c2351cc7d116c072cb317785dd33b33",
        "revCount": 57,
        "type": "git",
        "url": "https://git.shell.bsocat.net/flake-compat"
      },
      "original": {
        "type": "git",
        "url": "https://git.shell.bsocat.net/flake-compat"
      }
    },
    "flake-utils": {
      "inputs": {
        "systems": [
          "nix-systems"
        ]
      },
      "locked": {
        "lastModified": 1710146030,
        "narHash": "sha256-SZ5L6eA7HJ/nmkzGG7/ISclqe6oZdOZTNoesiInkXPQ=",
        "ref": "refs/heads/main",
        "rev": "b1d9ab70662946ef0850d488da1c9019f3a9752a",
        "revCount": 92,
        "type": "git",
        "url": "https://git.shell.bsocat.net/flake-utils"
      },
      "original": {
        "type": "git",
        "url": "https://git.shell.bsocat.net/flake-utils"
      }
    },
    "home-manager": {
      "inputs": {
        "nixpkgs": [
          "nixpkgs"
        ]
      },
      "locked": {
        "lastModified": 1716729592,
        "narHash": "sha256-Y3bOjoh2cFBqZN0Jw1zUdyr7tjygyxl2bD/QY73GZP0=",
        "ref": "release-23.11",
        "rev": "2c78a57c544dd19b07442350727ced097e1aa6e6",
        "revCount": 3185,
        "type": "git",
        "url": "https://git.shell.bsocat.net/home-manager"
      },
      "original": {
        "ref": "release-23.11",
        "type": "git",
        "url": "https://git.shell.bsocat.net/home-manager"
      }
    },
    "lxddns": {
      "inputs": {
        "flake-utils": [
          "flake-utils"
        ],
        "nixpkgs": [
          "nixpkgs"
        ],
        "systems": [
          "nix-systems"
        ]
      },
      "locked": {
        "lastModified": 1712851879,
        "narHash": "sha256-5g78DWnODfLAjwvH86C8+tKLfIFckCnDYoHL38P+xBs=",
        "ref": "refs/heads/main",
        "rev": "b85dcaaa6e7b0b20f0bdba28623a1cd9c04b27e9",
        "revCount": 151,
        "type": "git",
        "url": "https://git.shell.bsocat.net/lxddns"
      },
      "original": {
        "type": "git",
        "url": "https://git.shell.bsocat.net/lxddns"
      }
    },
    "nix-systems": {
      "locked": {
        "lastModified": 1681028828,
        "narHash": "sha256-Vy1rq5AaRuLzOxct8nz4T6wlgyUR7zLU309k9mBC768=",
        "ref": "refs/heads/main",
        "rev": "da67096a3b9bf56a91d16901293e51ba5b49a27e",
        "revCount": 3,
        "type": "git",
        "url": "https://git.shell.bsocat.net/nix-systems"
      },
      "original": {
        "type": "git",
        "url": "https://git.shell.bsocat.net/nix-systems"
      }
    },
    "nixpkgs": {
      "locked": {
        "lastModified": 1716991068,
        "narHash": "sha256-Av0UWCCiIGJxsZ6TFc+OiKCJNqwoxMNVYDBChmhjNpo=",
        "ref": "nixos-23.11",
        "rev": "25cf937a30bf0801447f6bf544fc7486c6309234",
        "revCount": 558816,
        "type": "git",
        "url": "https://git.shell.bsocat.net/nixpkgs"
      },
      "original": {
        "ref": "nixos-23.11",
        "type": "git",
        "url": "https://git.shell.bsocat.net/nixpkgs"
      }
    },
    "nixpkgs-unstable": {
      "locked": {
        "lastModified": 1716948383,
        "narHash": "sha256-SzDKxseEcHR5KzPXLwsemyTR/kaM9whxeiJohbL04rs=",
        "ref": "nixos-unstable",
        "rev": "ad57eef4ef0659193044870c731987a6df5cf56b",
        "revCount": 632549,
        "type": "git",
        "url": "https://git.shell.bsocat.net/nixpkgs"
      },
      "original": {
        "ref": "nixos-unstable",
        "type": "git",
        "url": "https://git.shell.bsocat.net/nixpkgs"
      }
    },
    "njconnect": {
      "inputs": {
        "flake-utils": [
          "flake-utils"
        ],
        "nixpkgs": [
          "nixpkgs"
        ],
        "systems": [
          "nix-systems"
        ]
      },
      "locked": {
        "lastModified": 1712846723,
        "narHash": "sha256-na2Y+q6p5+J5Li4SQAoZX7EaDF6PkHZPWN1UzX/2CDk=",
        "ref": "refs/heads/main",
        "rev": "dac1f11da8947ec55c18a23d1add75dc64b93383",
        "revCount": 5,
        "type": "git",
        "url": "https://git.shell.bsocat.net/nix-njconnect"
      },
      "original": {
        "type": "git",
        "url": "https://git.shell.bsocat.net/nix-njconnect"
      }
    },
    "ragenix": {
      "inputs": {
        "agenix": [
          "agenix"
        ],
        "crane": [
          "crane"
        ],
        "flake-utils": [
          "flake-utils"
        ],
        "nixpkgs": [
          "nixpkgs-unstable"
        ],
        "rust-overlay": [
          "rust-overlay"
        ]
      },
      "locked": {
        "lastModified": 1709831932,
        "narHash": "sha256-WsP8rOFa/SqYNbVtYJ/l2mWWOgyDTJFbITMV8tv0biI=",
        "ref": "refs/heads/main",
        "rev": "06de099ef02840ec463419f12de73729d458e1eb",
        "revCount": 160,
        "type": "git",
        "url": "https://git.shell.bsocat.net/ragenix"
      },
      "original": {
        "type": "git",
        "url": "https://git.shell.bsocat.net/ragenix"
      }
    },
    "root": {
      "inputs": {
        "agenix": "agenix",
        "benaryorg-website": "benaryorg-website",
        "colmena": "colmena",
        "crane": "crane",
        "darwin": "darwin",
        "flake-compat": "flake-compat",
        "flake-utils": "flake-utils",
        "home-manager": "home-manager",
        "lxddns": "lxddns",
        "nix-systems": "nix-systems",
        "nixpkgs": "nixpkgs",
        "nixpkgs-unstable": "nixpkgs-unstable",
        "njconnect": "njconnect",
        "ragenix": "ragenix",
        "rust-overlay": "rust-overlay"
      }
    },
    "rust-overlay": {
      "inputs": {
        "flake-utils": [
          "flake-utils"
        ],
        "nixpkgs": [
          "nixpkgs"
        ]
      },
      "locked": {
        "lastModified": 1717121863,
        "narHash": "sha256-/3sxIe7MZqF/jw1RTQCSmgTjwVod43mmrk84m50MJQ4=",
        "ref": "refs/heads/master",
        "rev": "2a7b53172ed08f856b8382d7dcfd36a4e0cbd866",
        "revCount": 1402,
        "type": "git",
        "url": "https://git.shell.bsocat.net/rust-overlay"
      },
      "original": {
        "type": "git",
        "url": "https://git.shell.bsocat.net/rust-overlay"
      }
    }
  },
  "root": "root",
  "version": 7
}
