{
  "nodes": {
    "agenix": {
      "inputs": {
        "darwin": [
          "darwin"
        ],
        "home-manager": [
          "home-manager"
        ],
        "nixpkgs": [
          "nixpkgs"
        ]
      },
      "locked": {
        "lastModified": 1689334118,
        "narHash": "sha256-djk5AZv1yU84xlKFaVHqFWvH73U7kIRstXwUAnDJPsk=",
        "ref": "refs/heads/main",
        "rev": "0d8c5325fc81daf00532e3e26c6752f7bcde1143",
        "revCount": 242,
        "type": "git",
        "url": "https://shell.cloud.bsocat.net/agenix"
      },
      "original": {
        "type": "git",
        "url": "https://shell.cloud.bsocat.net/agenix"
      }
    },
    "benaryorg-website": {
      "inputs": {
        "flake-utils": [
          "flake-utils"
        ],
        "nixpkgs": [
          "nixpkgs"
        ]
      },
      "locked": {
        "lastModified": 1689350314,
        "narHash": "sha256-P5Oin5NDfis2x4U7Xku9ti2pGIIwh5mGIUj5T0zXM8k=",
        "ref": "refs/heads/main",
        "rev": "2961e89380d717c7dbb45b96de32dc1bca7ea73d",
        "revCount": 5,
        "type": "git",
        "url": "https://shell.cloud.bsocat.net/benary.org"
      },
      "original": {
        "type": "git",
        "url": "https://shell.cloud.bsocat.net/benary.org"
      }
    },
    "colmena": {
      "inputs": {
        "flake-compat": [
          "flake-compat"
        ],
        "flake-utils": [
          "flake-utils"
        ],
        "nixpkgs": [
          "nixpkgs"
        ],
        "stable": [
          "nixpkgs"
        ]
      },
      "locked": {
        "lastModified": 1688224393,
        "narHash": "sha256-rsAvFNhRFzTF7qyb6WprLFghJnRxMFjvD2e5/dqMp4I=",
        "ref": "refs/heads/main",
        "rev": "19384f3ee2058c56021e4465a3ec57e84a47d8dd",
        "revCount": 473,
        "type": "git",
        "url": "https://shell.cloud.bsocat.net/colmena"
      },
      "original": {
        "type": "git",
        "url": "https://shell.cloud.bsocat.net/colmena"
      }
    },
    "crane": {
      "inputs": {
        "flake-compat": [
          "flake-compat"
        ],
        "flake-utils": [
          "flake-utils"
        ],
        "nixpkgs": [
          "nixpkgs"
        ],
        "rust-overlay": [
          "rust-overlay"
        ]
      },
      "locked": {
        "lastModified": 1688772518,
        "narHash": "sha256-ol7gZxwvgLnxNSZwFTDJJ49xVY5teaSvF7lzlo3YQfM=",
        "ref": "refs/heads/master",
        "rev": "8b08e96c9af8c6e3a2b69af5a7fa168750fcf88e",
        "revCount": 385,
        "type": "git",
        "url": "https://shell.cloud.bsocat.net/crane"
      },
      "original": {
        "type": "git",
        "url": "https://shell.cloud.bsocat.net/crane"
      }
    },
    "darwin": {
      "inputs": {
        "nixpkgs": [
          "nixpkgs"
        ]
      },
      "locked": {
        "lastModified": 1689516967,
        "narHash": "sha256-sFAa33wkQHanmij/uhfGduIDK8z4dJAita/rK6u9pvE=",
        "ref": "refs/heads/master",
        "rev": "61662a63bfe1726588c1da6b412df86d8ca94d63",
        "revCount": 1399,
        "type": "git",
        "url": "https://shell.cloud.bsocat.net/nix-darwin"
      },
      "original": {
        "type": "git",
        "url": "https://shell.cloud.bsocat.net/nix-darwin"
      }
    },
    "flake-compat": {
      "flake": false,
      "locked": {
        "lastModified": 1673956053,
        "narHash": "sha256-4gtG9iQuiKITOjNQQeQIpoIB6b16fm+504Ch3sNKLd8=",
        "ref": "refs/heads/master",
        "rev": "35bb57c0c8d8b62bbfd284272c928ceb64ddbde9",
        "revCount": 44,
        "type": "git",
        "url": "https://shell.cloud.bsocat.net/flake-compat"
      },
      "original": {
        "type": "git",
        "url": "https://shell.cloud.bsocat.net/flake-compat"
      }
    },
    "flake-utils": {
      "inputs": {
        "systems": [
          "nix-systems"
        ]
      },
      "locked": {
        "lastModified": 1689068808,
        "narHash": "sha256-6ixXo3wt24N/melDWjq70UuHQLxGV8jZvooRanIHXw0=",
        "ref": "refs/heads/main",
        "rev": "919d646de7be200f3bf08cb76ae1f09402b6f9b4",
        "revCount": 81,
        "type": "git",
        "url": "https://shell.cloud.bsocat.net/flake-utils"
      },
      "original": {
        "type": "git",
        "url": "https://shell.cloud.bsocat.net/flake-utils"
      }
    },
    "home-manager": {
      "inputs": {
        "nixpkgs": [
          "nixpkgs"
        ]
      },
      "locked": {
        "lastModified": 1689495092,
        "narHash": "sha256-yZu2j5FpLZEPhJQQutMCPTxa1VMigLPabLYvLTq6ASM=",
        "ref": "refs/heads/master",
        "rev": "2f84579a70b8c74e5ebb37299a0c3ba279f09382",
        "revCount": 2893,
        "type": "git",
        "url": "https://shell.cloud.bsocat.net/home-manager"
      },
      "original": {
        "type": "git",
        "url": "https://shell.cloud.bsocat.net/home-manager"
      }
    },
    "nix-systems": {
      "locked": {
        "lastModified": 1681028828,
        "narHash": "sha256-Vy1rq5AaRuLzOxct8nz4T6wlgyUR7zLU309k9mBC768=",
        "ref": "refs/heads/main",
        "rev": "da67096a3b9bf56a91d16901293e51ba5b49a27e",
        "revCount": 3,
        "type": "git",
        "url": "https://shell.cloud.bsocat.net/nix-systems"
      },
      "original": {
        "type": "git",
        "url": "https://shell.cloud.bsocat.net/nix-systems"
      }
    },
    "nixlib": {
      "locked": {
        "lastModified": 1689469483,
        "narHash": "sha256-2SBhY7rZQ/iNCxe04Eqxlz9YK9KgbaTMBssq3/BgdWY=",
        "ref": "refs/heads/master",
        "rev": "02fea408f27186f139153e1ae88f8ab2abd9c22c",
        "revCount": 8022,
        "type": "git",
        "url": "https://shell.cloud.bsocat.net/nixlib"
      },
      "original": {
        "type": "git",
        "url": "https://shell.cloud.bsocat.net/nixlib"
      }
    },
    "nixos-generators": {
      "inputs": {
        "nixlib": [
          "nixlib"
        ],
        "nixpkgs": [
          "nixpkgs"
        ]
      },
      "locked": {
        "lastModified": 1689558522,
        "narHash": "sha256-diNpqSRebzvT3P4fLX+40VWZbf2H2hraJDDdg5NJSj0=",
        "ref": "refs/heads/master",
        "rev": "11c98929963a95ad3830960a9216d00e2f792502",
        "revCount": 318,
        "type": "git",
        "url": "https://shell.cloud.bsocat.net/nix-generators"
      },
      "original": {
        "type": "git",
        "url": "https://shell.cloud.bsocat.net/nix-generators"
      }
    },
    "nixpkgs": {
      "locked": {
        "lastModified": 1689431009,
        "narHash": "sha256-hPgQCRWP5q/Xc4qOIP3c2krR9nQua78+t9EDiuey5nc=",
        "ref": "nixos-23.05",
        "rev": "af8279f65fe71ce5a448408034a8c06e2b4b2c66",
        "revCount": 489358,
        "type": "git",
        "url": "https://shell.cloud.bsocat.net/nixpkgs"
      },
      "original": {
        "ref": "nixos-23.05",
        "type": "git",
        "url": "https://shell.cloud.bsocat.net/nixpkgs"
      }
    },
    "nixpkgs-unstable": {
      "locked": {
        "lastModified": 1689534811,
        "narHash": "sha256-jnSUdzD/414d94plCyNlvTJJtiTogTep6t7ZgIKIHiE=",
        "ref": "nixos-unstable",
        "rev": "6cee3b5893090b0f5f0a06b4cf42ca4e60e5d222",
        "revCount": 505080,
        "type": "git",
        "url": "https://shell.cloud.bsocat.net/nixpkgs"
      },
      "original": {
        "ref": "nixos-unstable",
        "type": "git",
        "url": "https://shell.cloud.bsocat.net/nixpkgs"
      }
    },
    "ragenix": {
      "inputs": {
        "agenix": [
          "agenix"
        ],
        "crane": [
          "crane"
        ],
        "flake-utils": [
          "flake-utils"
        ],
        "nixpkgs": [
          "nixpkgs-unstable"
        ],
        "rust-overlay": [
          "rust-overlay"
        ]
      },
      "locked": {
        "lastModified": 1682237245,
        "narHash": "sha256-xbBR7LNK+d5Yi/D6FXQGc1R6u2VV2nwr/Df5iaEbOEQ=",
        "ref": "refs/heads/main",
        "rev": "281f68c3d477904f79ff1cd5807a8c226cd80a50",
        "revCount": 149,
        "type": "git",
        "url": "https://shell.cloud.bsocat.net/ragenix"
      },
      "original": {
        "type": "git",
        "url": "https://shell.cloud.bsocat.net/ragenix"
      }
    },
    "root": {
      "inputs": {
        "agenix": "agenix",
        "benaryorg-website": "benaryorg-website",
        "colmena": "colmena",
        "crane": "crane",
        "darwin": "darwin",
        "flake-compat": "flake-compat",
        "flake-utils": "flake-utils",
        "home-manager": "home-manager",
        "nix-systems": "nix-systems",
        "nixlib": "nixlib",
        "nixos-generators": "nixos-generators",
        "nixpkgs": "nixpkgs",
        "nixpkgs-unstable": "nixpkgs-unstable",
        "ragenix": "ragenix",
        "rust-overlay": "rust-overlay"
      }
    },
    "rust-overlay": {
      "inputs": {
        "flake-utils": [
          "flake-utils"
        ],
        "nixpkgs": [
          "nixpkgs"
        ]
      },
      "locked": {
        "lastModified": 1689561325,
        "narHash": "sha256-+UABrHUXtWJSc9mM7oEKPIYQEhTzUVVNy2IPG9Lfrj0=",
        "ref": "refs/heads/master",
        "rev": "d8a38aea13c67dc2ce10cff93eb274dcf455753f",
        "revCount": 1082,
        "type": "git",
        "url": "https://shell.cloud.bsocat.net/rust-overlay"
      },
      "original": {
        "type": "git",
        "url": "https://shell.cloud.bsocat.net/rust-overlay"
      }
    }
  },
  "root": "root",
  "version": 7
}
